
Microsoft Visual Studio Solution File, Format Version 12.00
# Visual Studio Version 17
VisualStudioVersion = 17.8.34511.84
MinimumVisualStudioVersion = 10.0.40219.1
Project("{FAE04EC0-301F-11D3-BF4B-00C04F79EFBC}") = "CountryService2024", "CountryService2024.csproj", "{0B18669D-E34C-42F4-9F88-A77276DA296B}"
EndProject
Global
	GlobalSection(SolutionConfigurationPlatforms) = preSolution
		Debug|Any CPU = Debug|Any CPU
		Release|Any CPU = Release|Any CPU
	EndGlobalSection
	GlobalSection(ProjectConfigurationPlatforms) = postSolution
		{0B18669D-E34C-42F4-9F88-A77276DA296B}.Debug|Any CPU.ActiveCfg = Debug|Any CPU
		{0B18669D-E34C-42F4-9F88-A77276DA296B}.Debug|Any CPU.Build.0 = Debug|Any CPU
		{0B18669D-E34C-42F4-9F88-A77276DA296B}.Release|Any CPU.ActiveCfg = Release|Any CPU
		{0B18669D-E34C-42F4-9F88-A77276DA296B}.Release|Any CPU.Build.0 = Release|Any CPU
	EndGlobalSection
	GlobalSection(SolutionProperties) = preSolution
		HideSolutionNode = FALSE
	EndGlobalSection
	GlobalSection(ExtensibilityGlobals) = postSolution
		SolutionGuid = {D38A721A-E3B6-468E-AE41-1C7A4309D1C5}
	EndGlobalSection
EndGlobal
